// !$*UTF8*$!
{
	archiveVersion = 1;
	classes = {
	};
	objectVersion = 50;
	objects = {

/* Begin PBXBuildFile section */
		5E9168DD245636C300E35A8E /* main.cpp in Sources */ = {isa = PBXBuildFile; fileRef = 5E9168DC245636C300E35A8E /* main.cpp */; };
		5E9168E0245636C300E35A8E /* cute_image.jpg in Resources */ = {isa = PBXBuildFile; fileRef = 5E9168DF245636C300E35A8E /* cute_image.jpg */; };
		5E9168E2245636C300E35A8E /* nice_music.ogg in Resources */ = {isa = PBXBuildFile; fileRef = 5E9168E1245636C300E35A8E /* nice_music.ogg */; };
		5E9168E4245636C300E35A8E /* sansation.ttf in Resources */ = {isa = PBXBuildFile; fileRef = 5E9168E3245636C300E35A8E /* sansation.ttf */; };
		5E9168E6245636C300E35A8E /* icon.png in Resources */ = {isa = PBXBuildFile; fileRef = 5E9168E5245636C300E35A8E /* icon.png */; };
		5E9168ED2456371400E35A8E /* GameEngine.cpp in Sources */ = {isa = PBXBuildFile; fileRef = 5E9168EC2456371400E35A8E /* GameEngine.cpp */; };
		5E9168EF2456372E00E35A8E /* map.cpp in Sources */ = {isa = PBXBuildFile; fileRef = 5E9168EE2456372E00E35A8E /* map.cpp */; };
		5E9168F12456373E00E35A8E /* player.cpp in Sources */ = {isa = PBXBuildFile; fileRef = 5E9168F02456373D00E35A8E /* player.cpp */; };
		5E9168F72456406C00E35A8E /* Menu.cpp in Sources */ = {isa = PBXBuildFile; fileRef = 5E9168F62456406C00E35A8E /* Menu.cpp */; };
/* End PBXBuildFile section */

/* Begin PBXFileReference section */
		5E9168D4245636C300E35A8E /* PA-9-UI.app */ = {isa = PBXFileReference; explicitFileType = wrapper.application; includeInIndex = 0; path = "PA-9-UI.app"; sourceTree = BUILT_PRODUCTS_DIR; };
		5E9168D8245636C300E35A8E /* PA-9-UI-Info.plist */ = {isa = PBXFileReference; lastKnownFileType = text.plist.xml; name = "PA-9-UI-Info.plist"; path = "../PA-9-UI-Info.plist"; sourceTree = "<group>"; };
		5E9168DC245636C300E35A8E /* main.cpp */ = {isa = PBXFileReference; lastKnownFileType = sourcecode.cpp.cpp; path = main.cpp; sourceTree = "<group>"; };
		5E9168DF245636C300E35A8E /* cute_image.jpg */ = {isa = PBXFileReference; lastKnownFileType = image.jpeg; name = cute_image.jpg; path = ../cute_image.jpg; sourceTree = "<group>"; };
		5E9168E1245636C300E35A8E /* nice_music.ogg */ = {isa = PBXFileReference; lastKnownFileType = file; name = nice_music.ogg; path = ../nice_music.ogg; sourceTree = "<group>"; };
		5E9168E3245636C300E35A8E /* sansation.ttf */ = {isa = PBXFileReference; lastKnownFileType = file; name = sansation.ttf; path = ../sansation.ttf; sourceTree = "<group>"; };
		5E9168E5245636C300E35A8E /* icon.png */ = {isa = PBXFileReference; lastKnownFileType = image.png; name = icon.png; path = ../icon.png; sourceTree = "<group>"; };
		5E9168EC2456371400E35A8E /* GameEngine.cpp */ = {isa = PBXFileReference; lastKnownFileType = sourcecode.cpp.cpp; path = GameEngine.cpp; sourceTree = "<group>"; };
		5E9168EE2456372E00E35A8E /* map.cpp */ = {isa = PBXFileReference; lastKnownFileType = sourcecode.cpp.cpp; path = map.cpp; sourceTree = "<group>"; };
		5E9168F02456373D00E35A8E /* player.cpp */ = {isa = PBXFileReference; lastKnownFileType = sourcecode.cpp.cpp; path = player.cpp; sourceTree = "<group>"; };
		5E9168F32456379F00E35A8E /* GameEngine.h */ = {isa = PBXFileReference; lastKnownFileType = sourcecode.c.h; path = GameEngine.h; sourceTree = "<group>"; };
		5E9168F4245637B300E35A8E /* map.h */ = {isa = PBXFileReference; lastKnownFileType = sourcecode.c.h; path = map.h; sourceTree = "<group>"; };
		5E9168F5245637C600E35A8E /* player.h */ = {isa = PBXFileReference; lastKnownFileType = sourcecode.c.h; path = player.h; sourceTree = "<group>"; };
		5E9168F62456406C00E35A8E /* Menu.cpp */ = {isa = PBXFileReference; lastKnownFileType = sourcecode.cpp.cpp; path = Menu.cpp; sourceTree = "<group>"; };
		5E9168F92456408D00E35A8E /* Menu.h */ = {isa = PBXFileReference; lastKnownFileType = sourcecode.c.h; path = Menu.h; sourceTree = "<group>"; };
/* End PBXFileReference section */

/* Begin PBXFrameworksBuildPhase section */
		5E9168D0245636C300E35A8E /* Frameworks */ = {
			isa = PBXFrameworksBuildPhase;
			buildActionMask = 2147483647;
			files = (
			);
			runOnlyForDeploymentPostprocessing = 0;
		};
/* End PBXFrameworksBuildPhase section */

/* Begin PBXGroup section */
		5E9168CA245636C300E35A8E = {
			isa = PBXGroup;
			children = (
				5E9168D6245636C300E35A8E /* PA-9-UI */,
				5E9168D5245636C300E35A8E /* Products */,
			);
			sourceTree = "<group>";
		};
		5E9168D5245636C300E35A8E /* Products */ = {
			isa = PBXGroup;
			children = (
				5E9168D4245636C300E35A8E /* PA-9-UI.app */,
			);
			name = Products;
			sourceTree = "<group>";
		};
		5E9168D6245636C300E35A8E /* PA-9-UI */ = {
			isa = PBXGroup;
			children = (
				5E9168F92456408D00E35A8E /* Menu.h */,
				5E9168F62456406C00E35A8E /* Menu.cpp */,
				5E9168F5245637C600E35A8E /* player.h */,
				5E9168F4245637B300E35A8E /* map.h */,
				5E9168F32456379F00E35A8E /* GameEngine.h */,
				5E9168F02456373D00E35A8E /* player.cpp */,
				5E9168EE2456372E00E35A8E /* map.cpp */,
				5E9168EC2456371400E35A8E /* GameEngine.cpp */,
				5E9168DC245636C300E35A8E /* main.cpp */,
				5E9168DE245636C300E35A8E /* Resources */,
				5E9168D7245636C300E35A8E /* Supporting Files */,
			);
			path = "PA-9-UI";
			sourceTree = "<group>";
		};
		5E9168D7245636C300E35A8E /* Supporting Files */ = {
			isa = PBXGroup;
			children = (
				5E9168D8245636C300E35A8E /* PA-9-UI-Info.plist */,
			);
			path = "Supporting Files";
			sourceTree = "<group>";
		};
		5E9168DE245636C300E35A8E /* Resources */ = {
			isa = PBXGroup;
			children = (
				5E9168DF245636C300E35A8E /* cute_image.jpg */,
				5E9168E1245636C300E35A8E /* nice_music.ogg */,
				5E9168E3245636C300E35A8E /* sansation.ttf */,
				5E9168E5245636C300E35A8E /* icon.png */,
			);
			path = Resources;
			sourceTree = "<group>";
		};
/* End PBXGroup section */

/* Begin PBXNativeTarget section */
		5E9168D3245636C300E35A8E /* PA-9-UI */ = {
			isa = PBXNativeTarget;
			buildConfigurationList = 5E9168E9245636C300E35A8E /* Build configuration list for PBXNativeTarget "PA-9-UI" */;
			buildPhases = (
				5E9168CF245636C300E35A8E /* Sources */,
				5E9168D0245636C300E35A8E /* Frameworks */,
				5E9168D1245636C300E35A8E /* Resources */,
				5E9168D2245636C300E35A8E /* Run Script */,
			);
			buildRules = (
			);
			dependencies = (
			);
			name = "PA-9-UI";
			productName = "PA-9-UI";
			productReference = 5E9168D4245636C300E35A8E /* PA-9-UI.app */;
			productType = "com.apple.product-type.application";
		};
/* End PBXNativeTarget section */

/* Begin PBXProject section */
		5E9168CB245636C300E35A8E /* Project object */ = {
			isa = PBXProject;
			attributes = {
				LastUpgradeCheck = 1140;
				ORGANIZATIONNAME = George;
				TargetAttributes = {
					5E9168D3245636C300E35A8E = {
						CreatedOnToolsVersion = 11.4.1;
					};
				};
			};
			buildConfigurationList = 5E9168CE245636C300E35A8E /* Build configuration list for PBXProject "PA-9-UI" */;
			compatibilityVersion = "Xcode 9.3";
			developmentRegion = en;
			hasScannedForEncodings = 0;
			knownRegions = (
				en,
				Base,
			);
			mainGroup = 5E9168CA245636C300E35A8E;
			productRefGroup = 5E9168D5245636C300E35A8E /* Products */;
			projectDirPath = "";
			projectRoot = "";
			targets = (
				5E9168D3245636C300E35A8E /* PA-9-UI */,
			);
		};
/* End PBXProject section */

/* Begin PBXResourcesBuildPhase section */
		5E9168D1245636C300E35A8E /* Resources */ = {
			isa = PBXResourcesBuildPhase;
			buildActionMask = 2147483647;
			files = (
				5E9168E6245636C300E35A8E /* icon.png in Resources */,
				5E9168E4245636C300E35A8E /* sansation.ttf in Resources */,
				5E9168E2245636C300E35A8E /* nice_music.ogg in Resources */,
				5E9168E0245636C300E35A8E /* cute_image.jpg in Resources */,
			);
			runOnlyForDeploymentPostprocessing = 0;
		};
/* End PBXResourcesBuildPhase section */

/* Begin PBXShellScriptBuildPhase section */
		5E9168D2245636C300E35A8E /* Run Script */ = {
			isa = PBXShellScriptBuildPhase;
			buildActionMask = 8;
			files = (
			);
			inputFileListPaths = (
			);
			inputPaths = (
			);
			name = "Run Script";
			outputFileListPaths = (
			);
			outputPaths = (
			);
			runOnlyForDeploymentPostprocessing = 1;
			shellPath = /bin/sh;
			shellScript = "# This shell script simply copies required SFML dylibs/frameworks into the application bundle frameworks folder.\n# If you're using static libraries (which is not recommended) you should remove this script from your project.\n\n# SETTINGS\nSFML_DEPENDENCIES_INSTALL_PREFIX=\"/Users/SFML/Desktop/packaging/tmp/install/Library/Frameworks\"\nCMAKE_INSTALL_FRAMEWORK_PREFIX=\"/Users/SFML/Desktop/packaging/tmp/install/Library/Frameworks\"\nCMAKE_INSTALL_LIB_PREFIX=\"/Users/SFML/Desktop/packaging/tmp/install/Library/Frameworks/lib\"\nFRAMEWORKS_FULL_PATH=\"$BUILT_PRODUCTS_DIR/$FRAMEWORKS_FOLDER_PATH/\"\n\n# Are we building a project that uses frameworks or dylibs?\ncase \"$SFML_BINARY_TYPE\" in\n    DYLIBS)\n        frameworks=\"false\"\n        ;;\n    *)\n        frameworks=\"true\"\n        ;;\nesac\n\n# Echoes to stderr\nerror () # $* message to display\n{\n    echo $* 1>&2\n    exit 2\n}\n\nassert () # $1 is a boolean, $2...N is an error message\n{\n    if [ $# -lt 2 ]\n    then\n        error \"Internal error in assert: not enough args\"\n    fi\n\n    if [ $1 -ne 0 ]\n    then\n        shift\n        error \"$*\"\n    fi\n}\n\nforce_remove () # $@ is some paths\n{\n    test $# -ge 1\n    assert $? \"force_remove() requires at least one parameter\"\n    rm -fr $@\n    assert $? \"couldn't remove $@\"\n}\n\ncopy () # $1 is a source, $2 is a destination\n{\n    test $# -eq 2\n    assert $? \"copy() requires two parameters\"\n    ditto \"$1\" \"$2\"\n    assert $? \"couldn't copy $1 to $2\"\n}\n\nrequire () # $1 is a SFML module like 'system' or 'audio'\n{\n    dest=\"$BUILT_PRODUCTS_DIR/$FRAMEWORKS_FOLDER_PATH/\"\n\n    if [ -z \"$1\" ]\n    then\n        error \"require() requires one parameter!\"\n    else\n        # clean potentially old stuff\n        force_remove \"$dest/libsfml-$1\"*\n        force_remove \"$dest/sfml-$1.framework\"\n\n        # copy SFML libraries\n        if [ \"$frameworks\" = \"true\" ]\n        then\n            source=\"$CMAKE_INSTALL_FRAMEWORK_PREFIX/sfml-$1.framework\"\n            target=\"sfml-$1.framework\"\n        elif [ \"$SFML_LINK_DYLIBS_SUFFIX\" = \"-d\" ]\n        then\n            source=\"$CMAKE_INSTALL_LIB_PREFIX/libsfml-$1-d.dylib\"\n            target=\"`readlink $source`\"\n        else\n            source=\"$CMAKE_INSTALL_LIB_PREFIX/libsfml-$1.dylib\"\n            target=\"`readlink $source`\"\n        fi\n\n        copy \"$source\" \"$dest/$target\"\n\n        # copy extra dependencies\n        if [ \"$1\" = \"audio\" ]\n        then\n            # copy \"FLAC\" \"ogg\" \"vorbis\" \"vorbisenc\" \"vorbisfile\" \"OpenAL\" frameworks too\n            for f in \"FLAC\" \"ogg\" \"vorbis\" \"vorbisenc\" \"vorbisfile\" \"OpenAL\"\n            do\n                copy \"$SFML_DEPENDENCIES_INSTALL_PREFIX/$f.framework\" \"$dest/$f.framework\"\n            done\n        elif [ \"$1\" = \"graphics\" ]\n        then\n            copy \"$SFML_DEPENDENCIES_INSTALL_PREFIX/freetype.framework\" \"$dest/freetype.framework\"\n        fi\n    fi\n}\n\nif [ -n \"$SFML_SYSTEM\" ]\nthen\n    require \"system\"\nfi\n\nif [ -n \"$SFML_AUDIO\" ]\nthen\n    require \"audio\"\nfi\n\nif [ -n \"$SFML_NETWORK\" ]\nthen\n    require \"network\"\nfi\n\nif [ -n \"$SFML_WINDOW\" ]\nthen\n    require \"window\"\nfi\n\nif [ -n \"$SFML_GRAPHICS\" ]\nthen\n    require \"graphics\"\nfi\n\n                \n";
		};
/* End PBXShellScriptBuildPhase section */

/* Begin PBXSourcesBuildPhase section */
		5E9168CF245636C300E35A8E /* Sources */ = {
			isa = PBXSourcesBuildPhase;
			buildActionMask = 2147483647;
			files = (
				5E9168F12456373E00E35A8E /* player.cpp in Sources */,
				5E9168EF2456372E00E35A8E /* map.cpp in Sources */,
				5E9168DD245636C300E35A8E /* main.cpp in Sources */,
				5E9168ED2456371400E35A8E /* GameEngine.cpp in Sources */,
				5E9168F72456406C00E35A8E /* Menu.cpp in Sources */,
			);
			runOnlyForDeploymentPostprocessing = 0;
		};
/* End PBXSourcesBuildPhase section */

/* Begin XCBuildConfiguration section */
		5E9168E7245636C300E35A8E /* Debug */ = {
			isa = XCBuildConfiguration;
			buildSettings = {
				ARCHS = "$(NATIVE_ARCH_ACTUAL)";
				CLANG_CXX_LANGUAGE_STANDARD = "c++11";
				CLANG_CXX_LIBRARY = "libc++";
				FRAMEWORK_SEARCH_PATHS = (
					/Library/Frameworks/,
					"$(inherited)",
				);
				GCC_VERSION = com.apple.compilers.llvm.clang.1_0;
				HEADER_SEARCH_PATHS = (
					/usr/local/include/,
					"$(inherited)",
				);
				LIBRARY_SEARCH_PATHS = (
					/usr/local/lib/,
					"$(inherited)",
				);
				MACOSX_DEPLOYMENT_TARGET = 10.7;
				OTHER_LDFLAGS = (
					"$(inherited)",
					"$(SFML_SYSTEM)",
					"$(SFML_WINDOW)",
					"$(SFML_GRAPHICS)",
					"$(SFML_AUDIO)",
					"$(SFML_NETWORK)",
				);
				SFML_AUDIO = "$(SFML_LINK_PREFIX) sfml-audio$(SFML_LINK_SUFFIX)";
				SFML_BINARY_TYPE = FRAMEWORKS;
				SFML_GRAPHICS = "$(SFML_LINK_PREFIX) sfml-graphics$(SFML_LINK_SUFFIX)";
				SFML_LINK_DYLIBS_PREFIX = "-l";
				SFML_LINK_DYLIBS_SUFFIX = "";
				SFML_LINK_FRAMEWORKS_PREFIX = "-framework";
				SFML_LINK_FRAMEWORKS_SUFFIX = "";
				SFML_LINK_PREFIX = "$(SFML_LINK_$(SFML_BINARY_TYPE)_PREFIX)";
				SFML_LINK_SUFFIX = "$(SFML_LINK_$(SFML_BINARY_TYPE)_SUFFIX)";
				SFML_NETWORK = "$(SFML_LINK_PREFIX) sfml-network$(SFML_LINK_SUFFIX)";
				SFML_SYSTEM = "$(SFML_LINK_PREFIX) sfml-system$(SFML_LINK_SUFFIX)";
				SFML_WINDOW = "$(SFML_LINK_PREFIX) sfml-window$(SFML_LINK_SUFFIX)";
				SUPPORTED_PLATFORMS = macosx;
			};
			name = Debug;
		};
		5E9168E8245636C300E35A8E /* Release */ = {
			isa = XCBuildConfiguration;
			buildSettings = {
				ARCHS = "$(NATIVE_ARCH_ACTUAL)";
				CLANG_CXX_LANGUAGE_STANDARD = "c++11";
				CLANG_CXX_LIBRARY = "libc++";
				FRAMEWORK_SEARCH_PATHS = (
					/Library/Frameworks/,
					"$(inherited)",
				);
				GCC_VERSION = com.apple.compilers.llvm.clang.1_0;
				HEADER_SEARCH_PATHS = (
					/usr/local/include/,
					"$(inherited)",
				);
				LIBRARY_SEARCH_PATHS = (
					/usr/local/lib/,
					"$(inherited)",
				);
				MACOSX_DEPLOYMENT_TARGET = 10.7;
				OTHER_LDFLAGS = (
					"$(inherited)",
					"$(SFML_SYSTEM)",
					"$(SFML_WINDOW)",
					"$(SFML_GRAPHICS)",
					"$(SFML_AUDIO)",
					"$(SFML_NETWORK)",
				);
				SFML_AUDIO = "$(SFML_LINK_PREFIX) sfml-audio$(SFML_LINK_SUFFIX)";
				SFML_BINARY_TYPE = FRAMEWORKS;
				SFML_GRAPHICS = "$(SFML_LINK_PREFIX) sfml-graphics$(SFML_LINK_SUFFIX)";
				SFML_LINK_DYLIBS_PREFIX = "-l";
				SFML_LINK_DYLIBS_SUFFIX = "";
				SFML_LINK_FRAMEWORKS_PREFIX = "-framework";
				SFML_LINK_FRAMEWORKS_SUFFIX = "";
				SFML_LINK_PREFIX = "$(SFML_LINK_$(SFML_BINARY_TYPE)_PREFIX)";
				SFML_LINK_SUFFIX = "$(SFML_LINK_$(SFML_BINARY_TYPE)_SUFFIX)";
				SFML_NETWORK = "$(SFML_LINK_PREFIX) sfml-network$(SFML_LINK_SUFFIX)";
				SFML_SYSTEM = "$(SFML_LINK_PREFIX) sfml-system$(SFML_LINK_SUFFIX)";
				SFML_WINDOW = "$(SFML_LINK_PREFIX) sfml-window$(SFML_LINK_SUFFIX)";
				SUPPORTED_PLATFORMS = macosx;
			};
			name = Release;
		};
		5E9168EA245636C300E35A8E /* Debug */ = {
			isa = XCBuildConfiguration;
			buildSettings = {
				CODE_SIGN_STYLE = Automatic;
				INFOPLIST_FILE = "PA-9-UI/PA-9-UI-Info.plist";
				LD_RUNPATH_SEARCH_PATHS = "@loader_path/../Frameworks";
				PRODUCT_NAME = "$(TARGET_NAME)";
			};
			name = Debug;
		};
		5E9168EB245636C300E35A8E /* Release */ = {
			isa = XCBuildConfiguration;
			buildSettings = {
				CODE_SIGN_STYLE = Automatic;
				INFOPLIST_FILE = "PA-9-UI/PA-9-UI-Info.plist";
				LD_RUNPATH_SEARCH_PATHS = "@loader_path/../Frameworks";
				PRODUCT_NAME = "$(TARGET_NAME)";
			};
			name = Release;
		};
/* End XCBuildConfiguration section */

/* Begin XCConfigurationList section */
		5E9168CE245636C300E35A8E /* Build configuration list for PBXProject "PA-9-UI" */ = {
			isa = XCConfigurationList;
			buildConfigurations = (
				5E9168E7245636C300E35A8E /* Debug */,
				5E9168E8245636C300E35A8E /* Release */,
			);
			defaultConfigurationIsVisible = 0;
			defaultConfigurationName = Release;
		};
		5E9168E9245636C300E35A8E /* Build configuration list for PBXNativeTarget "PA-9-UI" */ = {
			isa = XCConfigurationList;
			buildConfigurations = (
				5E9168EA245636C300E35A8E /* Debug */,
				5E9168EB245636C300E35A8E /* Release */,
			);
			defaultConfigurationIsVisible = 0;
			defaultConfigurationName = Release;
		};
/* End XCConfigurationList section */
	};
	rootObject = 5E9168CB245636C300E35A8E /* Project object */;
}
